
Microsoft Visual Studio Solution File, Format Version 12.00
# Visual Studio Version 17
VisualStudioVersion = 17.7.34221.43
MinimumVisualStudioVersion = 10.0.40219.1
Project("{FAE04EC0-301F-11D3-BF4B-00C04F79EFBC}") = "Mvvm.Simple", "Mvvm.Simple\Mvvm.Simple.csproj", "{71C7241E-817F-494D-981E-2E8908782C22}"
EndProject
Project("{2150E333-8FDC-42A3-9474-1A3956D46DE8}") = "Solution Items", "Solution Items", "{DAECA9B5-FB46-4453-A989-EAD2593CFE59}"
	ProjectSection(SolutionItems) = preProject
		.editorconfig = .editorconfig
	EndProjectSection
EndProject
Project("{FAE04EC0-301F-11D3-BF4B-00C04F79EFBC}") = "Mvvm.Test", "Mvvm.Test\Mvvm.Test.csproj", "{F9D9669F-8FBB-4916-9093-925157134D34}"
EndProject
Global
	GlobalSection(SolutionConfigurationPlatforms) = preSolution
		Debug|Any CPU = Debug|Any CPU
		Release|Any CPU = Release|Any CPU
	EndGlobalSection
	GlobalSection(ProjectConfigurationPlatforms) = postSolution
		{71C7241E-817F-494D-981E-2E8908782C22}.Debug|Any CPU.ActiveCfg = Debug|Any CPU
		{71C7241E-817F-494D-981E-2E8908782C22}.Debug|Any CPU.Build.0 = Debug|Any CPU
		{71C7241E-817F-494D-981E-2E8908782C22}.Release|Any CPU.ActiveCfg = Release|Any CPU
		{71C7241E-817F-494D-981E-2E8908782C22}.Release|Any CPU.Build.0 = Release|Any CPU
		{F9D9669F-8FBB-4916-9093-925157134D34}.Debug|Any CPU.ActiveCfg = Debug|Any CPU
		{F9D9669F-8FBB-4916-9093-925157134D34}.Debug|Any CPU.Build.0 = Debug|Any CPU
		{F9D9669F-8FBB-4916-9093-925157134D34}.Release|Any CPU.ActiveCfg = Release|Any CPU
		{F9D9669F-8FBB-4916-9093-925157134D34}.Release|Any CPU.Build.0 = Release|Any CPU
	EndGlobalSection
	GlobalSection(SolutionProperties) = preSolution
		HideSolutionNode = FALSE
	EndGlobalSection
	GlobalSection(ExtensibilityGlobals) = postSolution
		SolutionGuid = {97BF2D77-2F90-4B59-BC3A-61C35CC49902}
	EndGlobalSection
EndGlobal
